
Microsoft Visual Studio Solution File, Format Version 12.00
Project("{2150E333-8FDC-42A3-9474-1A3956D46DE8}") = "src", "src", "{CA925EA8-292C-4F60-8307-8CB730218F1F}"
EndProject
Project("{2150E333-8FDC-42A3-9474-1A3956D46DE8}") = "BuildingBlocks", "BuildingBlocks", "{13D3CD5F-3DB0-44AD-AFAD-F98E2B648839}"
EndProject
Project("{2150E333-8FDC-42A3-9474-1A3956D46DE8}") = "Core", "Core", "{6249A0E0-B24B-464A-9AA6-DEE503064152}"
EndProject
Project("{FAE04EC0-301F-11D3-BF4B-00C04F79EFBC}") = "BuildingBlocks.Core", "src\BuildingBlocks\Core\BuildingBlocks.Core\BuildingBlocks.Core.csproj", "{6008E426-7FBA-48DC-B5FA-8A48B48625EB}"
EndProject
Project("{FAE04EC0-301F-11D3-BF4B-00C04F79EFBC}") = "BuildingBlocks.Application", "src\BuildingBlocks\Core\BuildingBlocks.Application\BuildingBlocks.Application.csproj", "{3A76FA57-9DD6-444E-BC9C-79522970BA6B}"
EndProject
Project("{2150E333-8FDC-42A3-9474-1A3956D46DE8}") = "WebApi", "WebApi", "{939A5569-FCF6-4925-83A7-1DC06013EAD0}"
EndProject
Project("{FAE04EC0-301F-11D3-BF4B-00C04F79EFBC}") = "BuildingBlocks.Web", "src\BuildingBlocks\WebApi\BuildingBlocks.Web\BuildingBlocks.Web.csproj", "{43C7FE26-9A9B-4FFA-A8B1-05398BB01E4F}"
EndProject
Project("{2150E333-8FDC-42A3-9474-1A3956D46DE8}") = "Messaging", "Messaging", "{2B630DCF-F60B-4566-8E9E-8CC4A7D83285}"
EndProject
Project("{FAE04EC0-301F-11D3-BF4B-00C04F79EFBC}") = "BuildingBlocks.Messaging.Abstractions", "src\BuildingBlocks\Messaging\BuildingBlocks.Messaging.Abstractions\BuildingBlocks.Messaging.Abstractions.csproj", "{7136AE74-7173-4157-A785-96D5EC9D4968}"
EndProject
Project("{2150E333-8FDC-42A3-9474-1A3956D46DE8}") = "Persistence", "Persistence", "{34AA5951-96B7-4BC8-A39C-9B44BCF97339}"
EndProject
Project("{FAE04EC0-301F-11D3-BF4B-00C04F79EFBC}") = "BuildingBlocks.Persistence.EntityFrameworkCore", "src\BuildingBlocks\Persistence\BuildingBlocks.Persistence.EntityFrameworkCore\BuildingBlocks.Persistence.EntityFrameworkCore.csproj", "{A19DFEC0-F050-4BF8-982A-C2E1641751A8}"
EndProject
Project("{2150E333-8FDC-42A3-9474-1A3956D46DE8}") = "Outbox", "Outbox", "{72DA2F64-2A05-441D-8966-A86EA5B6FE99}"
EndProject
Project("{FAE04EC0-301F-11D3-BF4B-00C04F79EFBC}") = "BuildingBlocks.Outbox.Abstractions", "src\BuildingBlocks\Outbox\BuildingBlocks.Outbox.Abstractions\BuildingBlocks.Outbox.Abstractions.csproj", "{1E5A2AC4-0263-44D7-9E91-E47A98393AD9}"
EndProject
Project("{FAE04EC0-301F-11D3-BF4B-00C04F79EFBC}") = "BuildingBlocks.Outbox.EntityFrameworkCore", "src\BuildingBlocks\Outbox\BuildingBlocks.Outbox.EntityFrameworkCore\BuildingBlocks.Outbox.EntityFrameworkCore.csproj", "{2432EAF4-4D85-4D68-A2D8-885515E32568}"
EndProject
Project("{FAE04EC0-301F-11D3-BF4B-00C04F79EFBC}") = "BuildingBlocks.Outbox.PostgreSql", "src\BuildingBlocks\Outbox\BuildingBlocks.Outbox.PostgreSql\BuildingBlocks.Outbox.PostgreSql.csproj", "{4312D94F-8526-4CC0-9F20-45BA0174F877}"
EndProject
Project("{2150E333-8FDC-42A3-9474-1A3956D46DE8}") = "Inbox", "Inbox", "{5D3EA92A-905A-419C-8B6E-AC7BFD2F536F}"
EndProject
Project("{FAE04EC0-301F-11D3-BF4B-00C04F79EFBC}") = "BuildingBlocks.Inbox.Abstractions", "src\BuildingBlocks\Inbox\BuildingBlocks.Inbox.Abstractions\BuildingBlocks.Inbox.Abstractions.csproj", "{ABE70113-AF3A-457B-AF68-753678AF1F6D}"
EndProject
Project("{FAE04EC0-301F-11D3-BF4B-00C04F79EFBC}") = "BuildingBlocks.Inbox.EntityFrameworkCore", "src\BuildingBlocks\Inbox\BuildingBlocks.Inbox.EntityFrameworkCore\BuildingBlocks.Inbox.EntityFrameworkCore.csproj", "{1F408F5A-F582-41E0-8929-72BC507212DB}"
EndProject
Project("{FAE04EC0-301F-11D3-BF4B-00C04F79EFBC}") = "BuildingBlocks.Inbox.PostgreSql", "src\BuildingBlocks\Inbox\BuildingBlocks.Inbox.PostgreSql\BuildingBlocks.Inbox.PostgreSql.csproj", "{EE0DE94F-2363-4A6E-AAF7-E98FC3FEFF72}"
EndProject
Project("{FAE04EC0-301F-11D3-BF4B-00C04F79EFBC}") = "BuildingBlocks.Messaging.MassTransit", "src\BuildingBlocks\Messaging\BuildingBlocks.Messaging.MassTransit\BuildingBlocks.Messaging.MassTransit.csproj", "{1E508674-D176-4B95-9F7C-D9150309EFC5}"
EndProject
Project("{2150E333-8FDC-42A3-9474-1A3956D46DE8}") = "Services", "Services", "{DF1D6293-34B3-4597-903A-E841669FD8E4}"
EndProject
Project("{2150E333-8FDC-42A3-9474-1A3956D46DE8}") = "Catalog", "Catalog", "{47B79EFD-BE1A-485E-A84F-08BFBD4DA8A1}"
EndProject
Project("{FAE04EC0-301F-11D3-BF4B-00C04F79EFBC}") = "Catalog.API", "src\Services\Catalog\Catalog.API\Catalog.API.csproj", "{E3CDC9AA-D6D0-41AF-A258-7FD263F83582}"
EndProject
Project("{FAE04EC0-301F-11D3-BF4B-00C04F79EFBC}") = "BuildingBlocks.Persistence.PostgreSql", "src\BuildingBlocks\Persistence\BuildingBlocks.Persistence.PostgreSql\BuildingBlocks.Persistence.PostgreSql.csproj", "{2FA5CF21-3520-4513-B9B1-F5E0517088E1}"
EndProject
Project("{FAE04EC0-301F-11D3-BF4B-00C04F79EFBC}") = "Catalog.UnitTests", "src\Services\Catalog\Catalog.UnitTests\Catalog.UnitTests.csproj", "{09AF43E1-FBC4-47E6-8A47-570E8DCAFFE4}"
EndProject
Global
	GlobalSection(SolutionConfigurationPlatforms) = preSolution
		Debug|Any CPU = Debug|Any CPU
		Release|Any CPU = Release|Any CPU
	EndGlobalSection
	GlobalSection(NestedProjects) = preSolution
		{13D3CD5F-3DB0-44AD-AFAD-F98E2B648839} = {CA925EA8-292C-4F60-8307-8CB730218F1F}
		{6249A0E0-B24B-464A-9AA6-DEE503064152} = {13D3CD5F-3DB0-44AD-AFAD-F98E2B648839}
		{6008E426-7FBA-48DC-B5FA-8A48B48625EB} = {6249A0E0-B24B-464A-9AA6-DEE503064152}
		{3A76FA57-9DD6-444E-BC9C-79522970BA6B} = {6249A0E0-B24B-464A-9AA6-DEE503064152}
		{939A5569-FCF6-4925-83A7-1DC06013EAD0} = {13D3CD5F-3DB0-44AD-AFAD-F98E2B648839}
		{43C7FE26-9A9B-4FFA-A8B1-05398BB01E4F} = {939A5569-FCF6-4925-83A7-1DC06013EAD0}
		{2B630DCF-F60B-4566-8E9E-8CC4A7D83285} = {13D3CD5F-3DB0-44AD-AFAD-F98E2B648839}
		{7136AE74-7173-4157-A785-96D5EC9D4968} = {2B630DCF-F60B-4566-8E9E-8CC4A7D83285}
		{34AA5951-96B7-4BC8-A39C-9B44BCF97339} = {13D3CD5F-3DB0-44AD-AFAD-F98E2B648839}
		{A19DFEC0-F050-4BF8-982A-C2E1641751A8} = {34AA5951-96B7-4BC8-A39C-9B44BCF97339}
		{72DA2F64-2A05-441D-8966-A86EA5B6FE99} = {13D3CD5F-3DB0-44AD-AFAD-F98E2B648839}
		{1E5A2AC4-0263-44D7-9E91-E47A98393AD9} = {72DA2F64-2A05-441D-8966-A86EA5B6FE99}
		{2432EAF4-4D85-4D68-A2D8-885515E32568} = {72DA2F64-2A05-441D-8966-A86EA5B6FE99}
		{4312D94F-8526-4CC0-9F20-45BA0174F877} = {72DA2F64-2A05-441D-8966-A86EA5B6FE99}
		{5D3EA92A-905A-419C-8B6E-AC7BFD2F536F} = {13D3CD5F-3DB0-44AD-AFAD-F98E2B648839}
		{ABE70113-AF3A-457B-AF68-753678AF1F6D} = {5D3EA92A-905A-419C-8B6E-AC7BFD2F536F}
		{1F408F5A-F582-41E0-8929-72BC507212DB} = {5D3EA92A-905A-419C-8B6E-AC7BFD2F536F}
		{EE0DE94F-2363-4A6E-AAF7-E98FC3FEFF72} = {5D3EA92A-905A-419C-8B6E-AC7BFD2F536F}
		{1E508674-D176-4B95-9F7C-D9150309EFC5} = {2B630DCF-F60B-4566-8E9E-8CC4A7D83285}
		{DF1D6293-34B3-4597-903A-E841669FD8E4} = {CA925EA8-292C-4F60-8307-8CB730218F1F}
		{47B79EFD-BE1A-485E-A84F-08BFBD4DA8A1} = {DF1D6293-34B3-4597-903A-E841669FD8E4}
		{E3CDC9AA-D6D0-41AF-A258-7FD263F83582} = {47B79EFD-BE1A-485E-A84F-08BFBD4DA8A1}
		{2FA5CF21-3520-4513-B9B1-F5E0517088E1} = {34AA5951-96B7-4BC8-A39C-9B44BCF97339}
		{09AF43E1-FBC4-47E6-8A47-570E8DCAFFE4} = {47B79EFD-BE1A-485E-A84F-08BFBD4DA8A1}
	EndGlobalSection
	GlobalSection(ProjectConfigurationPlatforms) = postSolution
		{6008E426-7FBA-48DC-B5FA-8A48B48625EB}.Debug|Any CPU.ActiveCfg = Debug|Any CPU
		{6008E426-7FBA-48DC-B5FA-8A48B48625EB}.Debug|Any CPU.Build.0 = Debug|Any CPU
		{6008E426-7FBA-48DC-B5FA-8A48B48625EB}.Release|Any CPU.ActiveCfg = Release|Any CPU
		{6008E426-7FBA-48DC-B5FA-8A48B48625EB}.Release|Any CPU.Build.0 = Release|Any CPU
		{3A76FA57-9DD6-444E-BC9C-79522970BA6B}.Debug|Any CPU.ActiveCfg = Debug|Any CPU
		{3A76FA57-9DD6-444E-BC9C-79522970BA6B}.Debug|Any CPU.Build.0 = Debug|Any CPU
		{3A76FA57-9DD6-444E-BC9C-79522970BA6B}.Release|Any CPU.ActiveCfg = Release|Any CPU
		{3A76FA57-9DD6-444E-BC9C-79522970BA6B}.Release|Any CPU.Build.0 = Release|Any CPU
		{43C7FE26-9A9B-4FFA-A8B1-05398BB01E4F}.Debug|Any CPU.ActiveCfg = Debug|Any CPU
		{43C7FE26-9A9B-4FFA-A8B1-05398BB01E4F}.Debug|Any CPU.Build.0 = Debug|Any CPU
		{43C7FE26-9A9B-4FFA-A8B1-05398BB01E4F}.Release|Any CPU.ActiveCfg = Release|Any CPU
		{43C7FE26-9A9B-4FFA-A8B1-05398BB01E4F}.Release|Any CPU.Build.0 = Release|Any CPU
		{7136AE74-7173-4157-A785-96D5EC9D4968}.Debug|Any CPU.ActiveCfg = Debug|Any CPU
		{7136AE74-7173-4157-A785-96D5EC9D4968}.Debug|Any CPU.Build.0 = Debug|Any CPU
		{7136AE74-7173-4157-A785-96D5EC9D4968}.Release|Any CPU.ActiveCfg = Release|Any CPU
		{7136AE74-7173-4157-A785-96D5EC9D4968}.Release|Any CPU.Build.0 = Release|Any CPU
		{A19DFEC0-F050-4BF8-982A-C2E1641751A8}.Debug|Any CPU.ActiveCfg = Debug|Any CPU
		{A19DFEC0-F050-4BF8-982A-C2E1641751A8}.Debug|Any CPU.Build.0 = Debug|Any CPU
		{A19DFEC0-F050-4BF8-982A-C2E1641751A8}.Release|Any CPU.ActiveCfg = Release|Any CPU
		{A19DFEC0-F050-4BF8-982A-C2E1641751A8}.Release|Any CPU.Build.0 = Release|Any CPU
		{1E5A2AC4-0263-44D7-9E91-E47A98393AD9}.Debug|Any CPU.ActiveCfg = Debug|Any CPU
		{1E5A2AC4-0263-44D7-9E91-E47A98393AD9}.Debug|Any CPU.Build.0 = Debug|Any CPU
		{1E5A2AC4-0263-44D7-9E91-E47A98393AD9}.Release|Any CPU.ActiveCfg = Release|Any CPU
		{1E5A2AC4-0263-44D7-9E91-E47A98393AD9}.Release|Any CPU.Build.0 = Release|Any CPU
		{2432EAF4-4D85-4D68-A2D8-885515E32568}.Debug|Any CPU.ActiveCfg = Debug|Any CPU
		{2432EAF4-4D85-4D68-A2D8-885515E32568}.Debug|Any CPU.Build.0 = Debug|Any CPU
		{2432EAF4-4D85-4D68-A2D8-885515E32568}.Release|Any CPU.ActiveCfg = Release|Any CPU
		{2432EAF4-4D85-4D68-A2D8-885515E32568}.Release|Any CPU.Build.0 = Release|Any CPU
		{4312D94F-8526-4CC0-9F20-45BA0174F877}.Debug|Any CPU.ActiveCfg = Debug|Any CPU
		{4312D94F-8526-4CC0-9F20-45BA0174F877}.Debug|Any CPU.Build.0 = Debug|Any CPU
		{4312D94F-8526-4CC0-9F20-45BA0174F877}.Release|Any CPU.ActiveCfg = Release|Any CPU
		{4312D94F-8526-4CC0-9F20-45BA0174F877}.Release|Any CPU.Build.0 = Release|Any CPU
		{ABE70113-AF3A-457B-AF68-753678AF1F6D}.Debug|Any CPU.ActiveCfg = Debug|Any CPU
		{ABE70113-AF3A-457B-AF68-753678AF1F6D}.Debug|Any CPU.Build.0 = Debug|Any CPU
		{ABE70113-AF3A-457B-AF68-753678AF1F6D}.Release|Any CPU.ActiveCfg = Release|Any CPU
		{ABE70113-AF3A-457B-AF68-753678AF1F6D}.Release|Any CPU.Build.0 = Release|Any CPU
		{1F408F5A-F582-41E0-8929-72BC507212DB}.Debug|Any CPU.ActiveCfg = Debug|Any CPU
		{1F408F5A-F582-41E0-8929-72BC507212DB}.Debug|Any CPU.Build.0 = Debug|Any CPU
		{1F408F5A-F582-41E0-8929-72BC507212DB}.Release|Any CPU.ActiveCfg = Release|Any CPU
		{1F408F5A-F582-41E0-8929-72BC507212DB}.Release|Any CPU.Build.0 = Release|Any CPU
		{EE0DE94F-2363-4A6E-AAF7-E98FC3FEFF72}.Debug|Any CPU.ActiveCfg = Debug|Any CPU
		{EE0DE94F-2363-4A6E-AAF7-E98FC3FEFF72}.Debug|Any CPU.Build.0 = Debug|Any CPU
		{EE0DE94F-2363-4A6E-AAF7-E98FC3FEFF72}.Release|Any CPU.ActiveCfg = Release|Any CPU
		{EE0DE94F-2363-4A6E-AAF7-E98FC3FEFF72}.Release|Any CPU.Build.0 = Release|Any CPU
		{1E508674-D176-4B95-9F7C-D9150309EFC5}.Debug|Any CPU.ActiveCfg = Debug|Any CPU
		{1E508674-D176-4B95-9F7C-D9150309EFC5}.Debug|Any CPU.Build.0 = Debug|Any CPU
		{1E508674-D176-4B95-9F7C-D9150309EFC5}.Release|Any CPU.ActiveCfg = Release|Any CPU
		{1E508674-D176-4B95-9F7C-D9150309EFC5}.Release|Any CPU.Build.0 = Release|Any CPU
		{E3CDC9AA-D6D0-41AF-A258-7FD263F83582}.Debug|Any CPU.ActiveCfg = Debug|Any CPU
		{E3CDC9AA-D6D0-41AF-A258-7FD263F83582}.Debug|Any CPU.Build.0 = Debug|Any CPU
		{E3CDC9AA-D6D0-41AF-A258-7FD263F83582}.Release|Any CPU.ActiveCfg = Release|Any CPU
		{E3CDC9AA-D6D0-41AF-A258-7FD263F83582}.Release|Any CPU.Build.0 = Release|Any CPU
		{2FA5CF21-3520-4513-B9B1-F5E0517088E1}.Debug|Any CPU.ActiveCfg = Debug|Any CPU
		{2FA5CF21-3520-4513-B9B1-F5E0517088E1}.Debug|Any CPU.Build.0 = Debug|Any CPU
		{2FA5CF21-3520-4513-B9B1-F5E0517088E1}.Release|Any CPU.ActiveCfg = Release|Any CPU
		{2FA5CF21-3520-4513-B9B1-F5E0517088E1}.Release|Any CPU.Build.0 = Release|Any CPU
		{09AF43E1-FBC4-47E6-8A47-570E8DCAFFE4}.Debug|Any CPU.ActiveCfg = Debug|Any CPU
		{09AF43E1-FBC4-47E6-8A47-570E8DCAFFE4}.Debug|Any CPU.Build.0 = Debug|Any CPU
		{09AF43E1-FBC4-47E6-8A47-570E8DCAFFE4}.Release|Any CPU.ActiveCfg = Release|Any CPU
		{09AF43E1-FBC4-47E6-8A47-570E8DCAFFE4}.Release|Any CPU.Build.0 = Release|Any CPU
	EndGlobalSection
EndGlobal
